
Microsoft Visual Studio Solution File, Format Version 10.00
# Visual Studio 2008
Project("{FAE04EC0-301F-11D3-BF4B-00C04F79EFBC}") = "Player.IO Client Example.VS2008", "Player.IO Client Example.VS2008.csproj", "{ECF47F4E-FC74-4BD4-8617-111E1A8D7A32}"
EndProject
Global
	GlobalSection(SolutionConfigurationPlatforms) = preSolution
		Debug|Any CPU = Debug|Any CPU
		Release|Any CPU = Release|Any CPU
	EndGlobalSection
	GlobalSection(ProjectConfigurationPlatforms) = postSolution
		{ECF47F4E-FC74-4BD4-8617-111E1A8D7A32}.Debug|Any CPU.ActiveCfg = Debug|Any CPU
		{ECF47F4E-FC74-4BD4-8617-111E1A8D7A32}.Debug|Any CPU.Build.0 = Debug|Any CPU
		{ECF47F4E-FC74-4BD4-8617-111E1A8D7A32}.Release|Any CPU.ActiveCfg = Release|Any CPU
		{ECF47F4E-FC74-4BD4-8617-111E1A8D7A32}.Release|Any CPU.Build.0 = Release|Any CPU
	EndGlobalSection
	GlobalSection(SolutionProperties) = preSolution
		HideSolutionNode = FALSE
	EndGlobalSection
EndGlobal
